
Microsoft Visual Studio Solution File, Format Version 11.00
# Visual Studio 2010
Project("{2150E333-8FDC-42A3-9474-1A3956D46DE8}") = "NewFolder1", "NewFolder1", "{80657864-D0D6-4BAB-91F4-C91CCA9D36BF}"
EndProject
Project("{E24C65DC-7377-472B-9ABA-BC803B73C61A}") = "ThingManager", "ThingManager", "{E3A014B6-3436-4564-8B7B-AA2D26D92309}"
	ProjectSection(WebsiteProperties) = preProject
		TargetFrameworkMoniker = ".NETFramework,Version%3Dv4.0"
		Debug.AspNetCompiler.VirtualPath = "/ThingManager"
		Debug.AspNetCompiler.PhysicalPath = "ThingManager\"
		Debug.AspNetCompiler.TargetPath = "PrecompiledWeb\ThingManager\"
		Debug.AspNetCompiler.Updateable = "true"
		Debug.AspNetCompiler.ForceOverwrite = "true"
		Debug.AspNetCompiler.FixedNames = "false"
		Debug.AspNetCompiler.Debug = "True"
		Release.AspNetCompiler.VirtualPath = "/ThingManager"
		Release.AspNetCompiler.PhysicalPath = "ThingManager\"
		Release.AspNetCompiler.TargetPath = "PrecompiledWeb\ThingManager\"
		Release.AspNetCompiler.Updateable = "true"
		Release.AspNetCompiler.ForceOverwrite = "true"
		Release.AspNetCompiler.FixedNames = "false"
		Release.AspNetCompiler.Debug = "False"
		VWDPort = "24966"
	EndProjectSection
EndProject
Global
	GlobalSection(SolutionConfigurationPlatforms) = preSolution
		Debug|Any CPU = Debug|Any CPU
	EndGlobalSection
	GlobalSection(ProjectConfigurationPlatforms) = postSolution
		{E3A014B6-3436-4564-8B7B-AA2D26D92309}.Debug|Any CPU.ActiveCfg = Debug|Any CPU
		{E3A014B6-3436-4564-8B7B-AA2D26D92309}.Debug|Any CPU.Build.0 = Debug|Any CPU
	EndGlobalSection
	GlobalSection(SolutionProperties) = preSolution
		HideSolutionNode = FALSE
	EndGlobalSection
EndGlobal
